
Microsoft Visual Studio Solution File, Format Version 12.00
# Visual Studio 14
VisualStudioVersion = 14.0.24720.0
MinimumVisualStudioVersion = 10.0.40219.1
Project("{39E2626F-3545-4960-A6E8-258AD8476CE5}") = "NewUniDriver.Android", "UniDriver.Android\NewUniDriver.Android.androidproj", "{83FA21A7-DE09-4063-91E7-D9775AF2E2D1}"
EndProject
Project("{8BC9CEB8-8B4A-11D0-8D11-00A0C91BC942}") = "UniDriver.Shared.Android", "UniDriver.Shared.Android\UniDriver.Shared.Android.vcxproj", "{9E6065D7-1F67-4EFD-BEF3-22C42E73AEC8}"
EndProject
Project("{8BC9CEB8-8B4A-11D0-8D11-00A0C91BC942}") = "SQLiteLib.Android", "SharedCode\SQLiteLib.Android\SQLiteLib.Android.vcxproj", "{D4FD33DC-3BB1-4C6E-BA74-EE445EA7BDB2}"
EndProject
Project("{8BC9CEB8-8B4A-11D0-8D11-00A0C91BC942}") = "MkrLib", "SharedCode\MkrLib\MkrLib.vcxproj", "{7EAB20A6-F292-4796-8703-AD5C3ABEB126}"
EndProject
Project("{8BC9CEB8-8B4A-11D0-8D11-00A0C91BC942}") = "mqtt_client", "SharedCode\mqtt_client\mqtt_client.vcxproj", "{17AAA1BC-8974-4E21-8067-2876C71A6941}"
EndProject
Project("{8BC9CEB8-8B4A-11D0-8D11-00A0C91BC942}") = "HosEngineProj", "SharedCode\HosEngineProj\HosEngineProj.vcxproj", "{05FE3F50-8585-40D4-8F10-F6A305BC942E}"
EndProject
Project("{8BC9CEB8-8B4A-11D0-8D11-00A0C91BC942}") = "protobuf_3xx_lite", "SharedCode\protobuf_3xx_lite\protobuf_3xx_lite.vcxproj", "{2971E61F-394B-47A7-A5EF-60F114742A7F}"
EndProject
Global
	GlobalSection(SolutionConfigurationPlatforms) = preSolution
		Debug|ARM = Debug|ARM
		Debug|ARM64 = Debug|ARM64
		Debug|x64 = Debug|x64
		Debug|x86 = Debug|x86
		Release|ARM = Release|ARM
		Release|ARM64 = Release|ARM64
		Release|x64 = Release|x64
		Release|x86 = Release|x86
	EndGlobalSection
	GlobalSection(ProjectConfigurationPlatforms) = postSolution
		{83FA21A7-DE09-4063-91E7-D9775AF2E2D1}.Debug|ARM.ActiveCfg = Debug|ARM
		{83FA21A7-DE09-4063-91E7-D9775AF2E2D1}.Debug|ARM.Build.0 = Debug|ARM
		{83FA21A7-DE09-4063-91E7-D9775AF2E2D1}.Debug|ARM.Deploy.0 = Debug|ARM
		{83FA21A7-DE09-4063-91E7-D9775AF2E2D1}.Debug|ARM64.ActiveCfg = Debug|x86
		{83FA21A7-DE09-4063-91E7-D9775AF2E2D1}.Debug|x64.ActiveCfg = Debug|x86
		{83FA21A7-DE09-4063-91E7-D9775AF2E2D1}.Debug|x86.ActiveCfg = Debug|x86
		{83FA21A7-DE09-4063-91E7-D9775AF2E2D1}.Debug|x86.Build.0 = Debug|x86
		{83FA21A7-DE09-4063-91E7-D9775AF2E2D1}.Debug|x86.Deploy.0 = Debug|x86
		{83FA21A7-DE09-4063-91E7-D9775AF2E2D1}.Release|ARM.ActiveCfg = Release|ARM
		{83FA21A7-DE09-4063-91E7-D9775AF2E2D1}.Release|ARM.Build.0 = Release|ARM
		{83FA21A7-DE09-4063-91E7-D9775AF2E2D1}.Release|ARM.Deploy.0 = Release|ARM
		{83FA21A7-DE09-4063-91E7-D9775AF2E2D1}.Release|ARM64.ActiveCfg = Release|x86
		{83FA21A7-DE09-4063-91E7-D9775AF2E2D1}.Release|x64.ActiveCfg = Release|x86
		{83FA21A7-DE09-4063-91E7-D9775AF2E2D1}.Release|x86.ActiveCfg = Release|x86
		{83FA21A7-DE09-4063-91E7-D9775AF2E2D1}.Release|x86.Build.0 = Release|x86
		{83FA21A7-DE09-4063-91E7-D9775AF2E2D1}.Release|x86.Deploy.0 = Release|x86
		{9E6065D7-1F67-4EFD-BEF3-22C42E73AEC8}.Debug|ARM.ActiveCfg = Debug|ARM
		{9E6065D7-1F67-4EFD-BEF3-22C42E73AEC8}.Debug|ARM.Build.0 = Debug|ARM
		{9E6065D7-1F67-4EFD-BEF3-22C42E73AEC8}.Debug|ARM64.ActiveCfg = Debug|x86
		{9E6065D7-1F67-4EFD-BEF3-22C42E73AEC8}.Debug|x64.ActiveCfg = Debug|x86
		{9E6065D7-1F67-4EFD-BEF3-22C42E73AEC8}.Debug|x86.ActiveCfg = Debug|x86
		{9E6065D7-1F67-4EFD-BEF3-22C42E73AEC8}.Debug|x86.Build.0 = Debug|x86
		{9E6065D7-1F67-4EFD-BEF3-22C42E73AEC8}.Release|ARM.ActiveCfg = Release|ARM
		{9E6065D7-1F67-4EFD-BEF3-22C42E73AEC8}.Release|ARM.Build.0 = Release|ARM
		{9E6065D7-1F67-4EFD-BEF3-22C42E73AEC8}.Release|ARM64.ActiveCfg = Release|x86
		{9E6065D7-1F67-4EFD-BEF3-22C42E73AEC8}.Release|x64.ActiveCfg = Release|x86
		{9E6065D7-1F67-4EFD-BEF3-22C42E73AEC8}.Release|x86.ActiveCfg = Release|x86
		{9E6065D7-1F67-4EFD-BEF3-22C42E73AEC8}.Release|x86.Build.0 = Release|x86
		{D4FD33DC-3BB1-4C6E-BA74-EE445EA7BDB2}.Debug|ARM.ActiveCfg = Debug|ARM
		{D4FD33DC-3BB1-4C6E-BA74-EE445EA7BDB2}.Debug|ARM.Build.0 = Debug|ARM
		{D4FD33DC-3BB1-4C6E-BA74-EE445EA7BDB2}.Debug|ARM64.ActiveCfg = Debug|x86
		{D4FD33DC-3BB1-4C6E-BA74-EE445EA7BDB2}.Debug|x64.ActiveCfg = Debug|x86
		{D4FD33DC-3BB1-4C6E-BA74-EE445EA7BDB2}.Debug|x86.ActiveCfg = Debug|x86
		{D4FD33DC-3BB1-4C6E-BA74-EE445EA7BDB2}.Debug|x86.Build.0 = Debug|x86
		{D4FD33DC-3BB1-4C6E-BA74-EE445EA7BDB2}.Release|ARM.ActiveCfg = Release|ARM
		{D4FD33DC-3BB1-4C6E-BA74-EE445EA7BDB2}.Release|ARM.Build.0 = Release|ARM
		{D4FD33DC-3BB1-4C6E-BA74-EE445EA7BDB2}.Release|ARM64.ActiveCfg = Release|x86
		{D4FD33DC-3BB1-4C6E-BA74-EE445EA7BDB2}.Release|x64.ActiveCfg = Release|x86
		{D4FD33DC-3BB1-4C6E-BA74-EE445EA7BDB2}.Release|x86.ActiveCfg = Release|x86
		{D4FD33DC-3BB1-4C6E-BA74-EE445EA7BDB2}.Release|x86.Build.0 = Release|x86
		{7EAB20A6-F292-4796-8703-AD5C3ABEB126}.Debug|ARM.ActiveCfg = Debug|ARM
		{7EAB20A6-F292-4796-8703-AD5C3ABEB126}.Debug|ARM.Build.0 = Debug|ARM
		{7EAB20A6-F292-4796-8703-AD5C3ABEB126}.Debug|ARM64.ActiveCfg = Debug|x86
		{7EAB20A6-F292-4796-8703-AD5C3ABEB126}.Debug|x64.ActiveCfg = Debug|x86
		{7EAB20A6-F292-4796-8703-AD5C3ABEB126}.Debug|x86.ActiveCfg = Debug|x86
		{7EAB20A6-F292-4796-8703-AD5C3ABEB126}.Debug|x86.Build.0 = Debug|x86
		{7EAB20A6-F292-4796-8703-AD5C3ABEB126}.Release|ARM.ActiveCfg = Release|ARM
		{7EAB20A6-F292-4796-8703-AD5C3ABEB126}.Release|ARM.Build.0 = Release|ARM
		{7EAB20A6-F292-4796-8703-AD5C3ABEB126}.Release|ARM64.ActiveCfg = Release|x86
		{7EAB20A6-F292-4796-8703-AD5C3ABEB126}.Release|x64.ActiveCfg = Release|x86
		{7EAB20A6-F292-4796-8703-AD5C3ABEB126}.Release|x86.ActiveCfg = Release|x86
		{7EAB20A6-F292-4796-8703-AD5C3ABEB126}.Release|x86.Build.0 = Release|x86
		{17AAA1BC-8974-4E21-8067-2876C71A6941}.Debug|ARM.ActiveCfg = Debug|ARM
		{17AAA1BC-8974-4E21-8067-2876C71A6941}.Debug|ARM.Build.0 = Debug|ARM
		{17AAA1BC-8974-4E21-8067-2876C71A6941}.Debug|ARM64.ActiveCfg = Debug|x86
		{17AAA1BC-8974-4E21-8067-2876C71A6941}.Debug|x64.ActiveCfg = Debug|x86
		{17AAA1BC-8974-4E21-8067-2876C71A6941}.Debug|x86.ActiveCfg = Debug|x86
		{17AAA1BC-8974-4E21-8067-2876C71A6941}.Debug|x86.Build.0 = Debug|x86
		{17AAA1BC-8974-4E21-8067-2876C71A6941}.Release|ARM.ActiveCfg = Release|ARM
		{17AAA1BC-8974-4E21-8067-2876C71A6941}.Release|ARM.Build.0 = Release|ARM
		{17AAA1BC-8974-4E21-8067-2876C71A6941}.Release|ARM64.ActiveCfg = Release|x86
		{17AAA1BC-8974-4E21-8067-2876C71A6941}.Release|x64.ActiveCfg = Release|x86
		{17AAA1BC-8974-4E21-8067-2876C71A6941}.Release|x86.ActiveCfg = Release|x86
		{17AAA1BC-8974-4E21-8067-2876C71A6941}.Release|x86.Build.0 = Release|x86
		{05FE3F50-8585-40D4-8F10-F6A305BC942E}.Debug|ARM.ActiveCfg = Debug|ARM
		{05FE3F50-8585-40D4-8F10-F6A305BC942E}.Debug|ARM.Build.0 = Debug|ARM
		{05FE3F50-8585-40D4-8F10-F6A305BC942E}.Debug|ARM64.ActiveCfg = Debug|x86
		{05FE3F50-8585-40D4-8F10-F6A305BC942E}.Debug|x64.ActiveCfg = Debug|x86
		{05FE3F50-8585-40D4-8F10-F6A305BC942E}.Debug|x86.ActiveCfg = Debug|x86
		{05FE3F50-8585-40D4-8F10-F6A305BC942E}.Debug|x86.Build.0 = Debug|x86
		{05FE3F50-8585-40D4-8F10-F6A305BC942E}.Release|ARM.ActiveCfg = Release|ARM
		{05FE3F50-8585-40D4-8F10-F6A305BC942E}.Release|ARM.Build.0 = Release|ARM
		{05FE3F50-8585-40D4-8F10-F6A305BC942E}.Release|ARM64.ActiveCfg = Release|x86
		{05FE3F50-8585-40D4-8F10-F6A305BC942E}.Release|x64.ActiveCfg = Release|x86
		{05FE3F50-8585-40D4-8F10-F6A305BC942E}.Release|x86.ActiveCfg = Release|x86
		{05FE3F50-8585-40D4-8F10-F6A305BC942E}.Release|x86.Build.0 = Release|x86
		{2971E61F-394B-47A7-A5EF-60F114742A7F}.Debug|ARM.ActiveCfg = Debug|ARM
		{2971E61F-394B-47A7-A5EF-60F114742A7F}.Debug|ARM.Build.0 = Debug|ARM
		{2971E61F-394B-47A7-A5EF-60F114742A7F}.Debug|ARM64.ActiveCfg = Debug|ARM64
		{2971E61F-394B-47A7-A5EF-60F114742A7F}.Debug|ARM64.Build.0 = Debug|ARM64
		{2971E61F-394B-47A7-A5EF-60F114742A7F}.Debug|x64.ActiveCfg = Debug|x64
		{2971E61F-394B-47A7-A5EF-60F114742A7F}.Debug|x64.Build.0 = Debug|x64
		{2971E61F-394B-47A7-A5EF-60F114742A7F}.Debug|x86.ActiveCfg = Debug|x86
		{2971E61F-394B-47A7-A5EF-60F114742A7F}.Debug|x86.Build.0 = Debug|x86
		{2971E61F-394B-47A7-A5EF-60F114742A7F}.Release|ARM.ActiveCfg = Release|ARM
		{2971E61F-394B-47A7-A5EF-60F114742A7F}.Release|ARM.Build.0 = Release|ARM
		{2971E61F-394B-47A7-A5EF-60F114742A7F}.Release|ARM64.ActiveCfg = Release|ARM64
		{2971E61F-394B-47A7-A5EF-60F114742A7F}.Release|ARM64.Build.0 = Release|ARM64
		{2971E61F-394B-47A7-A5EF-60F114742A7F}.Release|x64.ActiveCfg = Release|x64
		{2971E61F-394B-47A7-A5EF-60F114742A7F}.Release|x64.Build.0 = Release|x64
		{2971E61F-394B-47A7-A5EF-60F114742A7F}.Release|x86.ActiveCfg = Release|x86
		{2971E61F-394B-47A7-A5EF-60F114742A7F}.Release|x86.Build.0 = Release|x86
	EndGlobalSection
	GlobalSection(SolutionProperties) = preSolution
		HideSolutionNode = FALSE
	EndGlobalSection
EndGlobal
