<?xml version="1.0" encoding="utf-8"?>
<Project ToolsVersion="4.0" xmlns="http://schemas.microsoft.com/developer/msbuild/2003">
  <ItemGroup>
    <Text Include="ReadMe.txt" />
  </ItemGroup>
  <ItemGroup>
    <Filter Include="lib_src">
      <UniqueIdentifier>{c9d2f86a-1e60-42fc-96a1-140239b0fc5f}</UniqueIdentifier>
    </Filter>
  </ItemGroup>
  <ItemGroup>
    <ClInclude Include="..\..\mqtt_src\lib\dummypthread.h">
      <Filter>lib_src</Filter>
    </ClInclude>
    <ClInclude Include="..\..\mqtt_src\lib\logging_mosq.h">
      <Filter>lib_src</Filter>
    </ClInclude>
    <ClInclude Include="..\..\mqtt_src\lib\memory_mosq.h">
      <Filter>lib_src</Filter>
    </ClInclude>
    <ClInclude Include="..\..\mqtt_src\lib\messages_mosq.h">
      <Filter>lib_src</Filter>
    </ClInclude>
    <ClInclude Include="..\..\mqtt_src\lib\mosquitto.h">
      <Filter>lib_src</Filter>
    </ClInclude>
    <ClInclude Include="..\..\mqtt_src\lib\mosquitto_internal.h">
      <Filter>lib_src</Filter>
    </ClInclude>
    <ClInclude Include="..\..\mqtt_src\lib\mqtt3_protocol.h">
      <Filter>lib_src</Filter>
    </ClInclude>
    <ClInclude Include="..\..\mqtt_src\lib\net_mosq.h">
      <Filter>lib_src</Filter>
    </ClInclude>
    <ClInclude Include="..\..\mqtt_src\lib\read_handle.h">
      <Filter>lib_src</Filter>
    </ClInclude>
    <ClInclude Include="..\..\mqtt_src\lib\send_mosq.h">
      <Filter>lib_src</Filter>
    </ClInclude>
    <ClInclude Include="..\..\mqtt_src\lib\socks_mosq.h">
      <Filter>lib_src</Filter>
    </ClInclude>
    <ClInclude Include="..\..\mqtt_src\lib\time_mosq.h">
      <Filter>lib_src</Filter>
    </ClInclude>
    <ClInclude Include="..\..\mqtt_src\lib\tls_mosq.h">
      <Filter>lib_src</Filter>
    </ClInclude>
    <ClInclude Include="..\..\mqtt_src\lib\util_mosq.h">
      <Filter>lib_src</Filter>
    </ClInclude>
    <ClInclude Include="..\..\mqtt_src\lib\will_mosq.h">
      <Filter>lib_src</Filter>
    </ClInclude>
  </ItemGroup>
  <ItemGroup>
    <ClCompile Include="..\..\mqtt_src\lib\logging_mosq.c">
      <Filter>lib_src</Filter>
    </ClCompile>
    <ClCompile Include="..\..\mqtt_src\lib\memory_mosq.c">
      <Filter>lib_src</Filter>
    </ClCompile>
    <ClCompile Include="..\..\mqtt_src\lib\messages_mosq.c">
      <Filter>lib_src</Filter>
    </ClCompile>
    <ClCompile Include="..\..\mqtt_src\lib\mosquitto.c">
      <Filter>lib_src</Filter>
    </ClCompile>
    <ClCompile Include="..\..\mqtt_src\lib\net_mosq.c">
      <Filter>lib_src</Filter>
    </ClCompile>
    <ClCompile Include="..\..\mqtt_src\lib\read_handle.c">
      <Filter>lib_src</Filter>
    </ClCompile>
    <ClCompile Include="..\..\mqtt_src\lib\read_handle_client.c">
      <Filter>lib_src</Filter>
    </ClCompile>
    <ClCompile Include="..\..\mqtt_src\lib\read_handle_shared.c">
      <Filter>lib_src</Filter>
    </ClCompile>
    <ClCompile Include="..\..\mqtt_src\lib\send_client_mosq.c">
      <Filter>lib_src</Filter>
    </ClCompile>
    <ClCompile Include="..\..\mqtt_src\lib\send_mosq.c">
      <Filter>lib_src</Filter>
    </ClCompile>
    <ClCompile Include="..\..\mqtt_src\lib\socks_mosq.c">
      <Filter>lib_src</Filter>
    </ClCompile>
    <ClCompile Include="..\..\mqtt_src\lib\srv_mosq.c">
      <Filter>lib_src</Filter>
    </ClCompile>
    <ClCompile Include="..\..\mqtt_src\lib\thread_mosq.c">
      <Filter>lib_src</Filter>
    </ClCompile>
    <ClCompile Include="..\..\mqtt_src\lib\time_mosq.c">
      <Filter>lib_src</Filter>
    </ClCompile>
    <ClCompile Include="..\..\mqtt_src\lib\tls_mosq.c">
      <Filter>lib_src</Filter>
    </ClCompile>
    <ClCompile Include="..\..\mqtt_src\lib\util_mosq.c">
      <Filter>lib_src</Filter>
    </ClCompile>
    <ClCompile Include="..\..\mqtt_src\lib\will_mosq.c">
      <Filter>lib_src</Filter>
    </ClCompile>
  </ItemGroup>
</Project>