
Microsoft Visual Studio Solution File, Format Version 12.00
# Visual Studio 14
VisualStudioVersion = 14.0.24720.0
MinimumVisualStudioVersion = 10.0.40219.1
Project("{8BC9CEB8-8B4A-11D0-8D11-00A0C91BC942}") = "MkrNavGL", "MkrNavGL\MkrNavGL.vcxproj", "{9F297C09-B1A2-4E74-91D5-247D9CDF6811}"
EndProject
Project("{39E2626F-3545-4960-A6E8-258AD8476CE5}") = "MkrNavAndroid", "MkrNavAndroid\MkrNavAndroid.androidproj", "{B1B0DBE5-D934-4250-9AE9-59E3F8017961}"
EndProject
Project("{8BC9CEB8-8B4A-11D0-8D11-00A0C91BC942}") = "lib_protobuf", "lib_protobuf\lib_protobuf.vcxproj", "{C8B3E322-2996-4AB0-9A39-08B202742F45}"
EndProject
Project("{8BC9CEB8-8B4A-11D0-8D11-00A0C91BC942}") = "lib_expat", "lib_expat\lib_expat.vcxproj", "{D9788461-8DF1-485E-B9E3-533D0B917D03}"
EndProject
Project("{8BC9CEB8-8B4A-11D0-8D11-00A0C91BC942}") = "lib_freetype", "lib_freetype\lib_freetype.vcxproj", "{72D24C93-B389-492C-9956-68743A6E6D91}"
EndProject
Project("{8BC9CEB8-8B4A-11D0-8D11-00A0C91BC942}") = "lib_png", "lib_png\lib_png.vcxproj", "{D8DA46D2-C594-47F4-B4F1-8D39C4E6B6E4}"
EndProject
Global
	GlobalSection(SolutionConfigurationPlatforms) = preSolution
		Debug|ARM = Debug|ARM
		Debug|ARM64 = Debug|ARM64
		Debug|x64 = Debug|x64
		Debug|x86 = Debug|x86
		Release|ARM = Release|ARM
		Release|ARM64 = Release|ARM64
		Release|x64 = Release|x64
		Release|x86 = Release|x86
	EndGlobalSection
	GlobalSection(ProjectConfigurationPlatforms) = postSolution
		{9F297C09-B1A2-4E74-91D5-247D9CDF6811}.Debug|ARM.ActiveCfg = Debug|ARM
		{9F297C09-B1A2-4E74-91D5-247D9CDF6811}.Debug|ARM64.ActiveCfg = Debug|ARM64
		{9F297C09-B1A2-4E74-91D5-247D9CDF6811}.Debug|ARM64.Build.0 = Debug|ARM64
		{9F297C09-B1A2-4E74-91D5-247D9CDF6811}.Debug|x64.ActiveCfg = Debug|x64
		{9F297C09-B1A2-4E74-91D5-247D9CDF6811}.Debug|x64.Build.0 = Debug|x64
		{9F297C09-B1A2-4E74-91D5-247D9CDF6811}.Debug|x86.ActiveCfg = Debug|x86
		{9F297C09-B1A2-4E74-91D5-247D9CDF6811}.Debug|x86.Build.0 = Debug|x86
		{9F297C09-B1A2-4E74-91D5-247D9CDF6811}.Release|ARM.ActiveCfg = Release|ARM
		{9F297C09-B1A2-4E74-91D5-247D9CDF6811}.Release|ARM.Build.0 = Release|ARM
		{9F297C09-B1A2-4E74-91D5-247D9CDF6811}.Release|ARM64.ActiveCfg = Release|ARM64
		{9F297C09-B1A2-4E74-91D5-247D9CDF6811}.Release|ARM64.Build.0 = Release|ARM64
		{9F297C09-B1A2-4E74-91D5-247D9CDF6811}.Release|x64.ActiveCfg = Release|x64
		{9F297C09-B1A2-4E74-91D5-247D9CDF6811}.Release|x64.Build.0 = Release|x64
		{9F297C09-B1A2-4E74-91D5-247D9CDF6811}.Release|x86.ActiveCfg = Release|x86
		{9F297C09-B1A2-4E74-91D5-247D9CDF6811}.Release|x86.Build.0 = Release|x86
		{B1B0DBE5-D934-4250-9AE9-59E3F8017961}.Debug|ARM.ActiveCfg = Debug|ARM
		{B1B0DBE5-D934-4250-9AE9-59E3F8017961}.Debug|ARM.Build.0 = Debug|ARM
		{B1B0DBE5-D934-4250-9AE9-59E3F8017961}.Debug|ARM.Deploy.0 = Debug|ARM
		{B1B0DBE5-D934-4250-9AE9-59E3F8017961}.Debug|ARM64.ActiveCfg = Debug|ARM64
		{B1B0DBE5-D934-4250-9AE9-59E3F8017961}.Debug|ARM64.Build.0 = Debug|ARM64
		{B1B0DBE5-D934-4250-9AE9-59E3F8017961}.Debug|ARM64.Deploy.0 = Debug|ARM64
		{B1B0DBE5-D934-4250-9AE9-59E3F8017961}.Debug|x64.ActiveCfg = Debug|x64
		{B1B0DBE5-D934-4250-9AE9-59E3F8017961}.Debug|x64.Build.0 = Debug|x64
		{B1B0DBE5-D934-4250-9AE9-59E3F8017961}.Debug|x64.Deploy.0 = Debug|x64
		{B1B0DBE5-D934-4250-9AE9-59E3F8017961}.Debug|x86.ActiveCfg = Debug|x86
		{B1B0DBE5-D934-4250-9AE9-59E3F8017961}.Debug|x86.Build.0 = Debug|x86
		{B1B0DBE5-D934-4250-9AE9-59E3F8017961}.Debug|x86.Deploy.0 = Debug|x86
		{B1B0DBE5-D934-4250-9AE9-59E3F8017961}.Release|ARM.ActiveCfg = Release|ARM
		{B1B0DBE5-D934-4250-9AE9-59E3F8017961}.Release|ARM.Build.0 = Release|ARM
		{B1B0DBE5-D934-4250-9AE9-59E3F8017961}.Release|ARM.Deploy.0 = Release|ARM
		{B1B0DBE5-D934-4250-9AE9-59E3F8017961}.Release|ARM64.ActiveCfg = Release|ARM64
		{B1B0DBE5-D934-4250-9AE9-59E3F8017961}.Release|ARM64.Build.0 = Release|ARM64
		{B1B0DBE5-D934-4250-9AE9-59E3F8017961}.Release|ARM64.Deploy.0 = Release|ARM64
		{B1B0DBE5-D934-4250-9AE9-59E3F8017961}.Release|x64.ActiveCfg = Release|x64
		{B1B0DBE5-D934-4250-9AE9-59E3F8017961}.Release|x64.Build.0 = Release|x64
		{B1B0DBE5-D934-4250-9AE9-59E3F8017961}.Release|x64.Deploy.0 = Release|x64
		{B1B0DBE5-D934-4250-9AE9-59E3F8017961}.Release|x86.ActiveCfg = Release|x86
		{B1B0DBE5-D934-4250-9AE9-59E3F8017961}.Release|x86.Build.0 = Release|x86
		{B1B0DBE5-D934-4250-9AE9-59E3F8017961}.Release|x86.Deploy.0 = Release|x86
		{C8B3E322-2996-4AB0-9A39-08B202742F45}.Debug|ARM.ActiveCfg = Debug|ARM
		{C8B3E322-2996-4AB0-9A39-08B202742F45}.Debug|ARM64.ActiveCfg = Debug|ARM64
		{C8B3E322-2996-4AB0-9A39-08B202742F45}.Debug|ARM64.Build.0 = Debug|ARM64
		{C8B3E322-2996-4AB0-9A39-08B202742F45}.Debug|x64.ActiveCfg = Debug|x64
		{C8B3E322-2996-4AB0-9A39-08B202742F45}.Debug|x64.Build.0 = Debug|x64
		{C8B3E322-2996-4AB0-9A39-08B202742F45}.Debug|x86.ActiveCfg = Debug|x86
		{C8B3E322-2996-4AB0-9A39-08B202742F45}.Debug|x86.Build.0 = Debug|x86
		{C8B3E322-2996-4AB0-9A39-08B202742F45}.Release|ARM.ActiveCfg = Release|ARM
		{C8B3E322-2996-4AB0-9A39-08B202742F45}.Release|ARM.Build.0 = Release|ARM
		{C8B3E322-2996-4AB0-9A39-08B202742F45}.Release|ARM64.ActiveCfg = Release|ARM64
		{C8B3E322-2996-4AB0-9A39-08B202742F45}.Release|ARM64.Build.0 = Release|ARM64
		{C8B3E322-2996-4AB0-9A39-08B202742F45}.Release|x64.ActiveCfg = Release|x64
		{C8B3E322-2996-4AB0-9A39-08B202742F45}.Release|x64.Build.0 = Release|x64
		{C8B3E322-2996-4AB0-9A39-08B202742F45}.Release|x86.ActiveCfg = Release|x86
		{C8B3E322-2996-4AB0-9A39-08B202742F45}.Release|x86.Build.0 = Release|x86
		{D9788461-8DF1-485E-B9E3-533D0B917D03}.Debug|ARM.ActiveCfg = Debug|ARM
		{D9788461-8DF1-485E-B9E3-533D0B917D03}.Debug|ARM.Build.0 = Debug|ARM
		{D9788461-8DF1-485E-B9E3-533D0B917D03}.Debug|ARM64.ActiveCfg = Debug|ARM64
		{D9788461-8DF1-485E-B9E3-533D0B917D03}.Debug|ARM64.Build.0 = Debug|ARM64
		{D9788461-8DF1-485E-B9E3-533D0B917D03}.Debug|x64.ActiveCfg = Debug|x64
		{D9788461-8DF1-485E-B9E3-533D0B917D03}.Debug|x64.Build.0 = Debug|x64
		{D9788461-8DF1-485E-B9E3-533D0B917D03}.Debug|x86.ActiveCfg = Debug|x86
		{D9788461-8DF1-485E-B9E3-533D0B917D03}.Debug|x86.Build.0 = Debug|x86
		{D9788461-8DF1-485E-B9E3-533D0B917D03}.Release|ARM.ActiveCfg = Release|ARM
		{D9788461-8DF1-485E-B9E3-533D0B917D03}.Release|ARM.Build.0 = Release|ARM
		{D9788461-8DF1-485E-B9E3-533D0B917D03}.Release|ARM64.ActiveCfg = Release|ARM64
		{D9788461-8DF1-485E-B9E3-533D0B917D03}.Release|ARM64.Build.0 = Release|ARM64
		{D9788461-8DF1-485E-B9E3-533D0B917D03}.Release|x64.ActiveCfg = Release|x64
		{D9788461-8DF1-485E-B9E3-533D0B917D03}.Release|x64.Build.0 = Release|x64
		{D9788461-8DF1-485E-B9E3-533D0B917D03}.Release|x86.ActiveCfg = Release|x86
		{D9788461-8DF1-485E-B9E3-533D0B917D03}.Release|x86.Build.0 = Release|x86
		{72D24C93-B389-492C-9956-68743A6E6D91}.Debug|ARM.ActiveCfg = Debug|ARM
		{72D24C93-B389-492C-9956-68743A6E6D91}.Debug|ARM.Build.0 = Debug|ARM
		{72D24C93-B389-492C-9956-68743A6E6D91}.Debug|ARM64.ActiveCfg = Debug|ARM64
		{72D24C93-B389-492C-9956-68743A6E6D91}.Debug|ARM64.Build.0 = Debug|ARM64
		{72D24C93-B389-492C-9956-68743A6E6D91}.Debug|x64.ActiveCfg = Debug|x64
		{72D24C93-B389-492C-9956-68743A6E6D91}.Debug|x64.Build.0 = Debug|x64
		{72D24C93-B389-492C-9956-68743A6E6D91}.Debug|x86.ActiveCfg = Debug|x86
		{72D24C93-B389-492C-9956-68743A6E6D91}.Debug|x86.Build.0 = Debug|x86
		{72D24C93-B389-492C-9956-68743A6E6D91}.Release|ARM.ActiveCfg = Release|ARM
		{72D24C93-B389-492C-9956-68743A6E6D91}.Release|ARM.Build.0 = Release|ARM
		{72D24C93-B389-492C-9956-68743A6E6D91}.Release|ARM64.ActiveCfg = Release|ARM64
		{72D24C93-B389-492C-9956-68743A6E6D91}.Release|ARM64.Build.0 = Release|ARM64
		{72D24C93-B389-492C-9956-68743A6E6D91}.Release|x64.ActiveCfg = Release|x64
		{72D24C93-B389-492C-9956-68743A6E6D91}.Release|x64.Build.0 = Release|x64
		{72D24C93-B389-492C-9956-68743A6E6D91}.Release|x86.ActiveCfg = Release|x86
		{72D24C93-B389-492C-9956-68743A6E6D91}.Release|x86.Build.0 = Release|x86
		{D8DA46D2-C594-47F4-B4F1-8D39C4E6B6E4}.Debug|ARM.ActiveCfg = Debug|ARM
		{D8DA46D2-C594-47F4-B4F1-8D39C4E6B6E4}.Debug|ARM.Build.0 = Debug|ARM
		{D8DA46D2-C594-47F4-B4F1-8D39C4E6B6E4}.Debug|ARM64.ActiveCfg = Debug|ARM64
		{D8DA46D2-C594-47F4-B4F1-8D39C4E6B6E4}.Debug|ARM64.Build.0 = Debug|ARM64
		{D8DA46D2-C594-47F4-B4F1-8D39C4E6B6E4}.Debug|x64.ActiveCfg = Debug|x64
		{D8DA46D2-C594-47F4-B4F1-8D39C4E6B6E4}.Debug|x64.Build.0 = Debug|x64
		{D8DA46D2-C594-47F4-B4F1-8D39C4E6B6E4}.Debug|x86.ActiveCfg = Debug|x86
		{D8DA46D2-C594-47F4-B4F1-8D39C4E6B6E4}.Debug|x86.Build.0 = Debug|x86
		{D8DA46D2-C594-47F4-B4F1-8D39C4E6B6E4}.Release|ARM.ActiveCfg = Release|ARM
		{D8DA46D2-C594-47F4-B4F1-8D39C4E6B6E4}.Release|ARM.Build.0 = Release|ARM
		{D8DA46D2-C594-47F4-B4F1-8D39C4E6B6E4}.Release|ARM64.ActiveCfg = Release|ARM64
		{D8DA46D2-C594-47F4-B4F1-8D39C4E6B6E4}.Release|ARM64.Build.0 = Release|ARM64
		{D8DA46D2-C594-47F4-B4F1-8D39C4E6B6E4}.Release|x64.ActiveCfg = Release|x64
		{D8DA46D2-C594-47F4-B4F1-8D39C4E6B6E4}.Release|x64.Build.0 = Release|x64
		{D8DA46D2-C594-47F4-B4F1-8D39C4E6B6E4}.Release|x86.ActiveCfg = Release|x86
		{D8DA46D2-C594-47F4-B4F1-8D39C4E6B6E4}.Release|x86.Build.0 = Release|x86
	EndGlobalSection
	GlobalSection(SolutionProperties) = preSolution
		HideSolutionNode = FALSE
	EndGlobalSection
EndGlobal
